[[package]]
name = "aioredis"
version = "2.0.0"
description = "asyncio (PEP 3156) Redis support"
category = "main"
optional = false
python-versions = ">=3.6"

[package.dependencies]
async-timeout = "*"
hiredis = {version = ">=1.0", optional = true, markers = "implementation_name == \"cpython\" and extra == \"hiredis\""}
typing-extensions = "*"

[package.extras]
hiredis = ["hiredis (>=1.0)"]

[[package]]
name = "async-timeout"
version = "4.0.1"
description = "Timeout context manager for asyncio programs"
category = "main"
optional = false
python-versions = ">=3.6"

[package.dependencies]
typing-extensions = ">=3.6.5"

[[package]]
name = "autopep8"
version = "1.6.0"
description = "A tool that automatically formats Python code to conform to the PEP 8 style guide"
category = "dev"
optional = false
python-versions = "*"

[package.dependencies]
pycodestyle = ">=2.8.0"
toml = "*"

[[package]]
name = "hiredis"
version = "2.0.0"
description = "Python wrapper for hiredis"
category = "main"
optional = false
python-versions = ">=3.6"

[[package]]
name = "pycodestyle"
version = "2.8.0"
description = "Python style guide checker"
category = "dev"
optional = false
python-versions = ">=2.7, !=3.0.*, !=3.1.*, !=3.2.*, !=3.3.*, !=3.4.*"

[[package]]
name = "toml"
version = "0.10.2"
description = "Python Library for Tom's Obvious, Minimal Language"
category = "dev"
optional = false
python-versions = ">=2.6, !=3.0.*, !=3.1.*, !=3.2.*"

[[package]]
name = "typing-extensions"
version = "4.0.1"
description = "Backported and Experimental Type Hints for Python 3.6+"
category = "main"
optional = false
python-versions = ">=3.6"

[metadata]
lock-version = "1.1"
python-versions = "^3.7"
content-hash = "ca0f6b3898b4a039706dd2581a1439fb71f87bb055af18e474517419b40ddff7"

[metadata.files]
aioredis = [
    {file = "aioredis-2.0.0-py3-none-any.whl", hash = "sha256:9921d68a3df5c5cdb0d5b49ad4fc88a4cfdd60c108325df4f0066e8410c55ffb"},
    {file = "aioredis-2.0.0.tar.gz", hash = "sha256:3a2de4b614e6a5f8e104238924294dc4e811aefbe17ddf52c04a93cbf06e67db"},
]
async-timeout = [
    {file = "async-timeout-4.0.1.tar.gz", hash = "sha256:b930cb161a39042f9222f6efb7301399c87eeab394727ec5437924a36d6eef51"},
    {file = "async_timeout-4.0.1-py3-none-any.whl", hash = "sha256:a22c0b311af23337eb05fcf05a8b51c3ea53729d46fb5460af62bee033cec690"},
]
autopep8 = [
    {file = "autopep8-1.6.0-py2.py3-none-any.whl", hash = "sha256:ed77137193bbac52d029a52c59bec1b0629b5a186c495f1eb21b126ac466083f"},
    {file = "autopep8-1.6.0.tar.gz", hash = "sha256:44f0932855039d2c15c4510d6df665e4730f2b8582704fa48f9c55bd3e17d979"},
]
hiredis = [
    {file = "hiredis-2.0.0-cp36-cp36m-macosx_10_9_x86_64.whl", hash = "sha256:b4c8b0bc5841e578d5fb32a16e0c305359b987b850a06964bd5a62739d688048"},
    {file = "hiredis-2.0.0-cp36-cp36m-manylinux1_i686.whl", hash = "sha256:0adea425b764a08270820531ec2218d0508f8ae15a448568109ffcae050fee26"},
    {file = "hiredis-2.0.0-cp36-cp36m-manylinux1_x86_64.whl", hash = "sha256:3d55e36715ff06cdc0ab62f9591607c4324297b6b6ce5b58cb9928b3defe30ea"},
    {file = "hiredis-2.0.0-cp36-cp36m-manylinux2010_i686.whl", hash = "sha256:5d2a48c80cf5a338d58aae3c16872f4d452345e18350143b3bf7216d33ba7b99"},
    {file = "hiredis-2.0.0-cp36-cp36m-manylinux2010_x86_64.whl", hash = "sha256:240ce6dc19835971f38caf94b5738092cb1e641f8150a9ef9251b7825506cb05"},
    {file = "hiredis-2.0.0-cp36-cp36m-manylinux2014_aarch64.whl", hash = "sha256:5dc7a94bb11096bc4bffd41a3c4f2b958257085c01522aa81140c68b8bf1630a"},
    {file = "hiredis-2.0.0-cp36-cp36m-win32.whl", hash = "sha256:139705ce59d94eef2ceae9fd2ad58710b02aee91e7fa0ccb485665ca0ecbec63"},
    {file = "hiredis-2.0.0-cp36-cp36m-win_amd64.whl", hash = "sha256:c39c46d9e44447181cd502a35aad2bb178dbf1b1f86cf4db639d7b9614f837c6"},
    {file = "hiredis-2.0.0-cp37-cp37m-macosx_10_9_x86_64.whl", hash = "sha256:adf4dd19d8875ac147bf926c727215a0faf21490b22c053db464e0bf0deb0485"},
    {file = "hiredis-2.0.0-cp37-cp37m-manylinux1_i686.whl", hash = "sha256:0f41827028901814c709e744060843c77e78a3aca1e0d6875d2562372fcb405a"},
    {file = "hiredis-2.0.0-cp37-cp37m-manylinux1_x86_64.whl", hash = "sha256:508999bec4422e646b05c95c598b64bdbef1edf0d2b715450a078ba21b385bcc"},
    {file = "hiredis-2.0.0-cp37-cp37m-manylinux2010_i686.whl", hash = "sha256:0d5109337e1db373a892fdcf78eb145ffb6bbd66bb51989ec36117b9f7f9b579"},
    {file = "hiredis-2.0.0-cp37-cp37m-manylinux2010_x86_64.whl", hash = "sha256:04026461eae67fdefa1949b7332e488224eac9e8f2b5c58c98b54d29af22093e"},
    {file = "hiredis-2.0.0-cp37-cp37m-manylinux2014_aarch64.whl", hash = "sha256:a00514362df15af041cc06e97aebabf2895e0a7c42c83c21894be12b84402d79"},
    {file = "hiredis-2.0.0-cp37-cp37m-win32.whl", hash = "sha256:09004096e953d7ebd508cded79f6b21e05dff5d7361771f59269425108e703bc"},
    {file = "hiredis-2.0.0-cp37-cp37m-win_amd64.whl", hash = "sha256:f8196f739092a78e4f6b1b2172679ed3343c39c61a3e9d722ce6fcf1dac2824a"},
    {file = "hiredis-2.0.0-cp38-cp38-macosx_10_9_x86_64.whl", hash = "sha256:294a6697dfa41a8cba4c365dd3715abc54d29a86a40ec6405d677ca853307cfb"},
    {file = "hiredis-2.0.0-cp38-cp38-manylinux1_i686.whl", hash = "sha256:3dddf681284fe16d047d3ad37415b2e9ccdc6c8986c8062dbe51ab9a358b50a5"},
    {file = "hiredis-2.0.0-cp38-cp38-manylinux1_x86_64.whl", hash = "sha256:dcef843f8de4e2ff5e35e96ec2a4abbdf403bd0f732ead127bd27e51f38ac298"},
    {file = "hiredis-2.0.0-cp38-cp38-manylinux2010_i686.whl", hash = "sha256:87c7c10d186f1743a8fd6a971ab6525d60abd5d5d200f31e073cd5e94d7e7a9d"},
    {file = "hiredis-2.0.0-cp38-cp38-manylinux2010_x86_64.whl", hash = "sha256:7f0055f1809b911ab347a25d786deff5e10e9cf083c3c3fd2dd04e8612e8d9db"},
    {file = "hiredis-2.0.0-cp38-cp38-manylinux2014_aarch64.whl", hash = "sha256:11d119507bb54e81f375e638225a2c057dda748f2b1deef05c2b1a5d42686048"},
    {file = "hiredis-2.0.0-cp38-cp38-win32.whl", hash = "sha256:7492af15f71f75ee93d2a618ca53fea8be85e7b625e323315169977fae752426"},
    {file = "hiredis-2.0.0-cp38-cp38-win_amd64.whl", hash = "sha256:65d653df249a2f95673976e4e9dd7ce10de61cfc6e64fa7eeaa6891a9559c581"},
    {file = "hiredis-2.0.0-cp39-cp39-macosx_10_9_x86_64.whl", hash = "sha256:ae8427a5e9062ba66fc2c62fb19a72276cf12c780e8db2b0956ea909c48acff5"},
    {file = "hiredis-2.0.0-cp39-cp39-manylinux1_i686.whl", hash = "sha256:3f5f7e3a4ab824e3de1e1700f05ad76ee465f5f11f5db61c4b297ec29e692b2e"},
    {file = "hiredis-2.0.0-cp39-cp39-manylinux1_x86_64.whl", hash = "sha256:e3447d9e074abf0e3cd85aef8131e01ab93f9f0e86654db7ac8a3f73c63706ce"},
    {file = "hiredis-2.0.0-cp39-cp39-manylinux2010_i686.whl", hash = "sha256:8b42c0dc927b8d7c0eb59f97e6e34408e53bc489f9f90e66e568f329bff3e443"},
    {file = "hiredis-2.0.0-cp39-cp39-manylinux2010_x86_64.whl", hash = "sha256:b84f29971f0ad4adaee391c6364e6f780d5aae7e9226d41964b26b49376071d0"},
    {file = "hiredis-2.0.0-cp39-cp39-manylinux2014_aarch64.whl", hash = "sha256:0b39ec237459922c6544d071cdcf92cbb5bc6685a30e7c6d985d8a3e3a75326e"},
    {file = "hiredis-2.0.0-cp39-cp39-win32.whl", hash = "sha256:a7928283143a401e72a4fad43ecc85b35c27ae699cf5d54d39e1e72d97460e1d"},
    {file = "hiredis-2.0.0-cp39-cp39-win_amd64.whl", hash = "sha256:a4ee8000454ad4486fb9f28b0cab7fa1cd796fc36d639882d0b34109b5b3aec9"},
    {file = "hiredis-2.0.0-pp36-pypy36_pp73-macosx_10_9_x86_64.whl", hash = "sha256:1f03d4dadd595f7a69a75709bc81902673fa31964c75f93af74feac2f134cc54"},
    {file = "hiredis-2.0.0-pp36-pypy36_pp73-manylinux1_x86_64.whl", hash = "sha256:04927a4c651a0e9ec11c68e4427d917e44ff101f761cd3b5bc76f86aaa431d27"},
    {file = "hiredis-2.0.0-pp36-pypy36_pp73-manylinux2010_x86_64.whl", hash = "sha256:a39efc3ade8c1fb27c097fd112baf09d7fd70b8cb10ef1de4da6efbe066d381d"},
    {file = "hiredis-2.0.0-pp36-pypy36_pp73-win32.whl", hash = "sha256:07bbf9bdcb82239f319b1f09e8ef4bdfaec50ed7d7ea51a56438f39193271163"},
    {file = "hiredis-2.0.0-pp37-pypy37_pp73-macosx_10_9_x86_64.whl", hash = "sha256:807b3096205c7cec861c8803a6738e33ed86c9aae76cac0e19454245a6bbbc0a"},
    {file = "hiredis-2.0.0-pp37-pypy37_pp73-manylinux1_x86_64.whl", hash = "sha256:1233e303645f468e399ec906b6b48ab7cd8391aae2d08daadbb5cad6ace4bd87"},
    {file = "hiredis-2.0.0-pp37-pypy37_pp73-manylinux2010_x86_64.whl", hash = "sha256:cb2126603091902767d96bcb74093bd8b14982f41809f85c9b96e519c7e1dc41"},
    {file = "hiredis-2.0.0-pp37-pypy37_pp73-win32.whl", hash = "sha256:f52010e0a44e3d8530437e7da38d11fb822acfb0d5b12e9cd5ba655509937ca0"},
    {file = "hiredis-2.0.0.tar.gz", hash = "sha256:81d6d8e39695f2c37954d1011c0480ef7cf444d4e3ae24bc5e89ee5de360139a"},
]
pycodestyle = [
    {file = "pycodestyle-2.8.0-py2.py3-none-any.whl", hash = "sha256:720f8b39dde8b293825e7ff02c475f3077124006db4f440dcbc9a20b76548a20"},
    {file = "pycodestyle-2.8.0.tar.gz", hash = "sha256:eddd5847ef438ea1c7870ca7eb78a9d47ce0cdb4851a5523949f2601d0cbbe7f"},
]
toml = [
    {file = "toml-0.10.2-py2.py3-none-any.whl", hash = "sha256:806143ae5bfb6a3c6e736a764057db0e6a0e05e338b5630894a5f779cabb4f9b"},
    {file = "toml-0.10.2.tar.gz", hash = "sha256:b3bda1d108d5dd99f4a20d24d9c348e91c4db7ab1b749200bded2f839ccbe68f"},
]
typing-extensions = [
    {file = "typing_extensions-4.0.1-py3-none-any.whl", hash = "sha256:7f001e5ac290a0c0401508864c7ec868be4e701886d5b573a9528ed3973d9d3b"},
    {file = "typing_extensions-4.0.1.tar.gz", hash = "sha256:4ca091dea149f945ec56afb48dae714f21e8692ef22a395223bcd328961b6a0e"},
]
